// !$*UTF8*$!
{
	archiveVersion = 1;
	classes = {
	};
	objectVersion = 48;
	objects = {

/* Begin PBXBuildFile section */
		032CD90F200805AC005A63CE /* AppDelegate.swift in Sources */ = {isa = PBXBuildFile; fileRef = 032CD90E200805AC005A63CE /* AppDelegate.swift */; };
		032CD911200805AC005A63CE /* ViewController.swift in Sources */ = {isa = PBXBuildFile; fileRef = 032CD910200805AC005A63CE /* ViewController.swift */; };
		032CD914200805AC005A63CE /* Main.storyboard in Resources */ = {isa = PBXBuildFile; fileRef = 032CD912200805AC005A63CE /* Main.storyboard */; };
		032CD916200805AC005A63CE /* Assets.xcassets in Resources */ = {isa = PBXBuildFile; fileRef = 032CD915200805AC005A63CE /* Assets.xcassets */; };
		032CD919200805AC005A63CE /* LaunchScreen.storyboard in Resources */ = {isa = PBXBuildFile; fileRef = 032CD917200805AC005A63CE /* LaunchScreen.storyboard */; };
		032CD92A20080CB6005A63CE /* Home.storyboard in Resources */ = {isa = PBXBuildFile; fileRef = 032CD92920080CB6005A63CE /* Home.storyboard */; };
		032CD92D20080CD3005A63CE /* HomeViewController.swift in Sources */ = {isa = PBXBuildFile; fileRef = 032CD92C20080CD3005A63CE /* HomeViewController.swift */; };
		032CD930200811AE005A63CE /* TabBarController.swift in Sources */ = {isa = PBXBuildFile; fileRef = 032CD92E200811AE005A63CE /* TabBarController.swift */; };
		032CD931200811AE005A63CE /* TabBarController.xib in Resources */ = {isa = PBXBuildFile; fileRef = 032CD92F200811AE005A63CE /* TabBarController.xib */; };
		032CD93320081217005A63CE /* NSObjectExtension.swift in Sources */ = {isa = PBXBuildFile; fileRef = 032CD93220081217005A63CE /* NSObjectExtension.swift */; };
		032CD93520081C7E005A63CE /* AppConstants.swift in Sources */ = {isa = PBXBuildFile; fileRef = 032CD93420081C7E005A63CE /* AppConstants.swift */; };
		032CD93820081FA7005A63CE /* TabBarItemController.swift in Sources */ = {isa = PBXBuildFile; fileRef = 032CD93720081FA7005A63CE /* TabBarItemController.swift */; };
		032CD93A200827C5005A63CE /* Profile.storyboard in Resources */ = {isa = PBXBuildFile; fileRef = 032CD939200827C5005A63CE /* Profile.storyboard */; };
		032CD93C200827D5005A63CE /* ProfileViewController.swift in Sources */ = {isa = PBXBuildFile; fileRef = 032CD93B200827D5005A63CE /* ProfileViewController.swift */; };
		032CD94120082B0A005A63CE /* More.storyboard in Resources */ = {isa = PBXBuildFile; fileRef = 032CD94020082B0A005A63CE /* More.storyboard */; };
		032CD94320082B18005A63CE /* MoreViewController.swift in Sources */ = {isa = PBXBuildFile; fileRef = 032CD94220082B18005A63CE /* MoreViewController.swift */; };
		032CD94620082BB3005A63CE /* Settings.storyboard in Resources */ = {isa = PBXBuildFile; fileRef = 032CD94520082BB3005A63CE /* Settings.storyboard */; };
		032CD94820082BC4005A63CE /* SettingsViewController.swift in Sources */ = {isa = PBXBuildFile; fileRef = 032CD94720082BC4005A63CE /* SettingsViewController.swift */; };
/* End PBXBuildFile section */

/* Begin PBXFileReference section */
		032CD90B200805AC005A63CE /* programmaticallyTabBar.app */ = {isa = PBXFileReference; explicitFileType = wrapper.application; includeInIndex = 0; path = programmaticallyTabBar.app; sourceTree = BUILT_PRODUCTS_DIR; };
		032CD90E200805AC005A63CE /* AppDelegate.swift */ = {isa = PBXFileReference; lastKnownFileType = sourcecode.swift; path = AppDelegate.swift; sourceTree = "<group>"; };
		032CD910200805AC005A63CE /* ViewController.swift */ = {isa = PBXFileReference; lastKnownFileType = sourcecode.swift; path = ViewController.swift; sourceTree = "<group>"; };
		032CD913200805AC005A63CE /* Base */ = {isa = PBXFileReference; lastKnownFileType = file.storyboard; name = Base; path = Base.lproj/Main.storyboard; sourceTree = "<group>"; };
		032CD915200805AC005A63CE /* Assets.xcassets */ = {isa = PBXFileReference; lastKnownFileType = folder.assetcatalog; path = Assets.xcassets; sourceTree = "<group>"; };
		032CD918200805AC005A63CE /* Base */ = {isa = PBXFileReference; lastKnownFileType = file.storyboard; name = Base; path = Base.lproj/LaunchScreen.storyboard; sourceTree = "<group>"; };
		032CD91A200805AC005A63CE /* Info.plist */ = {isa = PBXFileReference; lastKnownFileType = text.plist.xml; path = Info.plist; sourceTree = "<group>"; };
		032CD92920080CB6005A63CE /* Home.storyboard */ = {isa = PBXFileReference; lastKnownFileType = file.storyboard; path = Home.storyboard; sourceTree = "<group>"; };
		032CD92C20080CD3005A63CE /* HomeViewController.swift */ = {isa = PBXFileReference; lastKnownFileType = sourcecode.swift; path = HomeViewController.swift; sourceTree = "<group>"; };
		032CD92E200811AE005A63CE /* TabBarController.swift */ = {isa = PBXFileReference; lastKnownFileType = sourcecode.swift; path = TabBarController.swift; sourceTree = "<group>"; };
		032CD92F200811AE005A63CE /* TabBarController.xib */ = {isa = PBXFileReference; lastKnownFileType = file.xib; path = TabBarController.xib; sourceTree = "<group>"; };
		032CD93220081217005A63CE /* NSObjectExtension.swift */ = {isa = PBXFileReference; lastKnownFileType = sourcecode.swift; path = NSObjectExtension.swift; sourceTree = "<group>"; };
		032CD93420081C7E005A63CE /* AppConstants.swift */ = {isa = PBXFileReference; lastKnownFileType = sourcecode.swift; path = AppConstants.swift; sourceTree = "<group>"; };
		032CD93720081FA7005A63CE /* TabBarItemController.swift */ = {isa = PBXFileReference; lastKnownFileType = sourcecode.swift; path = TabBarItemController.swift; sourceTree = "<group>"; };
		032CD939200827C5005A63CE /* Profile.storyboard */ = {isa = PBXFileReference; lastKnownFileType = file.storyboard; path = Profile.storyboard; sourceTree = "<group>"; };
		032CD93B200827D5005A63CE /* ProfileViewController.swift */ = {isa = PBXFileReference; lastKnownFileType = sourcecode.swift; path = ProfileViewController.swift; sourceTree = "<group>"; };
		032CD94020082B0A005A63CE /* More.storyboard */ = {isa = PBXFileReference; lastKnownFileType = file.storyboard; path = More.storyboard; sourceTree = "<group>"; };
		032CD94220082B18005A63CE /* MoreViewController.swift */ = {isa = PBXFileReference; lastKnownFileType = sourcecode.swift; path = MoreViewController.swift; sourceTree = "<group>"; };
		032CD94520082BB3005A63CE /* Settings.storyboard */ = {isa = PBXFileReference; lastKnownFileType = file.storyboard; path = Settings.storyboard; sourceTree = "<group>"; };
		032CD94720082BC4005A63CE /* SettingsViewController.swift */ = {isa = PBXFileReference; lastKnownFileType = sourcecode.swift; path = SettingsViewController.swift; sourceTree = "<group>"; };
/* End PBXFileReference section */

/* Begin PBXFrameworksBuildPhase section */
		032CD908200805AC005A63CE /* Frameworks */ = {
			isa = PBXFrameworksBuildPhase;
			buildActionMask = 2147483647;
			files = (
			);
			runOnlyForDeploymentPostprocessing = 0;
		};
/* End PBXFrameworksBuildPhase section */

/* Begin PBXGroup section */
		032CD902200805AC005A63CE = {
			isa = PBXGroup;
			children = (
				032CD90D200805AC005A63CE /* programmaticallyTabBar */,
				032CD90C200805AC005A63CE /* Products */,
			);
			sourceTree = "<group>";
		};
		032CD90C200805AC005A63CE /* Products */ = {
			isa = PBXGroup;
			children = (
				032CD90B200805AC005A63CE /* programmaticallyTabBar.app */,
			);
			name = Products;
			sourceTree = "<group>";
		};
		032CD90D200805AC005A63CE /* programmaticallyTabBar */ = {
			isa = PBXGroup;
			children = (
				032CD93F20082A68005A63CE /* App */,
				032CD93D20082A08005A63CE /* Common */,
				032CD93E20082A40005A63CE /* Controllers */,
				032CD92020080718005A63CE /* TabBar */,
			);
			path = programmaticallyTabBar;
			sourceTree = "<group>";
		};
		032CD92020080718005A63CE /* TabBar */ = {
			isa = PBXGroup;
			children = (
				032CD93720081FA7005A63CE /* TabBarItemController.swift */,
				032CD92E200811AE005A63CE /* TabBarController.swift */,
				032CD92F200811AE005A63CE /* TabBarController.xib */,
			);
			path = TabBar;
			sourceTree = "<group>";
		};
		032CD92520080C53005A63CE /* Home */ = {
			isa = PBXGroup;
			children = (
				032CD92920080CB6005A63CE /* Home.storyboard */,
				032CD92C20080CD3005A63CE /* HomeViewController.swift */,
			);
			path = Home;
			sourceTree = "<group>";
		};
		032CD92620080C5B005A63CE /* Settings */ = {
			isa = PBXGroup;
			children = (
				032CD94520082BB3005A63CE /* Settings.storyboard */,
				032CD94720082BC4005A63CE /* SettingsViewController.swift */,
			);
			path = Settings;
			sourceTree = "<group>";
		};
		032CD92720080C71005A63CE /* Profile */ = {
			isa = PBXGroup;
			children = (
				032CD939200827C5005A63CE /* Profile.storyboard */,
				032CD93B200827D5005A63CE /* ProfileViewController.swift */,
			);
			path = Profile;
			sourceTree = "<group>";
		};
		032CD92820080C7F005A63CE /* More */ = {
			isa = PBXGroup;
			children = (
				032CD94020082B0A005A63CE /* More.storyboard */,
				032CD94220082B18005A63CE /* MoreViewController.swift */,
			);
			path = More;
			sourceTree = "<group>";
		};
		032CD93D20082A08005A63CE /* Common */ = {
			isa = PBXGroup;
			children = (
				032CD93420081C7E005A63CE /* AppConstants.swift */,
				032CD93220081217005A63CE /* NSObjectExtension.swift */,
			);
			path = Common;
			sourceTree = "<group>";
		};
		032CD93E20082A40005A63CE /* Controllers */ = {
			isa = PBXGroup;
			children = (
				032CD92520080C53005A63CE /* Home */,
				032CD92820080C7F005A63CE /* More */,
				032CD92720080C71005A63CE /* Profile */,
				032CD92620080C5B005A63CE /* Settings */,
			);
			path = Controllers;
			sourceTree = "<group>";
		};
		032CD93F20082A68005A63CE /* App */ = {
			isa = PBXGroup;
			children = (
				032CD912200805AC005A63CE /* Main.storyboard */,
				032CD917200805AC005A63CE /* LaunchScreen.storyboard */,
				032CD91A200805AC005A63CE /* Info.plist */,
				032CD90E200805AC005A63CE /* AppDelegate.swift */,
				032CD910200805AC005A63CE /* ViewController.swift */,
				032CD915200805AC005A63CE /* Assets.xcassets */,
			);
			path = App;
			sourceTree = "<group>";
		};
/* End PBXGroup section */

/* Begin PBXNativeTarget section */
		032CD90A200805AC005A63CE /* programmaticallyTabBar */ = {
			isa = PBXNativeTarget;
			buildConfigurationList = 032CD91D200805AC005A63CE /* Build configuration list for PBXNativeTarget "programmaticallyTabBar" */;
			buildPhases = (
				032CD907200805AC005A63CE /* Sources */,
				032CD908200805AC005A63CE /* Frameworks */,
				032CD909200805AC005A63CE /* Resources */,
			);
			buildRules = (
			);
			dependencies = (
			);
			name = programmaticallyTabBar;
			productName = programmaticallyTabBar;
			productReference = 032CD90B200805AC005A63CE /* programmaticallyTabBar.app */;
			productType = "com.apple.product-type.application";
		};
/* End PBXNativeTarget section */

/* Begin PBXProject section */
		032CD903200805AC005A63CE /* Project object */ = {
			isa = PBXProject;
			attributes = {
				LastSwiftUpdateCheck = 0900;
				LastUpgradeCheck = 0900;
				ORGANIZATIONNAME = "Mario Acero";
				TargetAttributes = {
					032CD90A200805AC005A63CE = {
						CreatedOnToolsVersion = 9.0.1;
						ProvisioningStyle = Automatic;
					};
				};
			};
			buildConfigurationList = 032CD906200805AC005A63CE /* Build configuration list for PBXProject "programmaticallyTabBar" */;
			compatibilityVersion = "Xcode 8.0";
			developmentRegion = en;
			hasScannedForEncodings = 0;
			knownRegions = (
				en,
				Base,
			);
			mainGroup = 032CD902200805AC005A63CE;
			productRefGroup = 032CD90C200805AC005A63CE /* Products */;
			projectDirPath = "";
			projectRoot = "";
			targets = (
				032CD90A200805AC005A63CE /* programmaticallyTabBar */,
			);
		};
/* End PBXProject section */

/* Begin PBXResourcesBuildPhase section */
		032CD909200805AC005A63CE /* Resources */ = {
			isa = PBXResourcesBuildPhase;
			buildActionMask = 2147483647;
			files = (
				032CD93A200827C5005A63CE /* Profile.storyboard in Resources */,
				032CD92A20080CB6005A63CE /* Home.storyboard in Resources */,
				032CD94120082B0A005A63CE /* More.storyboard in Resources */,
				032CD94620082BB3005A63CE /* Settings.storyboard in Resources */,
				032CD919200805AC005A63CE /* LaunchScreen.storyboard in Resources */,
				032CD931200811AE005A63CE /* TabBarController.xib in Resources */,
				032CD916200805AC005A63CE /* Assets.xcassets in Resources */,
				032CD914200805AC005A63CE /* Main.storyboard in Resources */,
			);
			runOnlyForDeploymentPostprocessing = 0;
		};
/* End PBXResourcesBuildPhase section */

/* Begin PBXSourcesBuildPhase section */
		032CD907200805AC005A63CE /* Sources */ = {
			isa = PBXSourcesBuildPhase;
			buildActionMask = 2147483647;
			files = (
				032CD94320082B18005A63CE /* MoreViewController.swift in Sources */,
				032CD911200805AC005A63CE /* ViewController.swift in Sources */,
				032CD93520081C7E005A63CE /* AppConstants.swift in Sources */,
				032CD94820082BC4005A63CE /* SettingsViewController.swift in Sources */,
				032CD93320081217005A63CE /* NSObjectExtension.swift in Sources */,
				032CD930200811AE005A63CE /* TabBarController.swift in Sources */,
				032CD90F200805AC005A63CE /* AppDelegate.swift in Sources */,
				032CD93820081FA7005A63CE /* TabBarItemController.swift in Sources */,
				032CD93C200827D5005A63CE /* ProfileViewController.swift in Sources */,
				032CD92D20080CD3005A63CE /* HomeViewController.swift in Sources */,
			);
			runOnlyForDeploymentPostprocessing = 0;
		};
/* End PBXSourcesBuildPhase section */

/* Begin PBXVariantGroup section */
		032CD912200805AC005A63CE /* Main.storyboard */ = {
			isa = PBXVariantGroup;
			children = (
				032CD913200805AC005A63CE /* Base */,
			);
			name = Main.storyboard;
			sourceTree = "<group>";
		};
		032CD917200805AC005A63CE /* LaunchScreen.storyboard */ = {
			isa = PBXVariantGroup;
			children = (
				032CD918200805AC005A63CE /* Base */,
			);
			name = LaunchScreen.storyboard;
			sourceTree = "<group>";
		};
/* End PBXVariantGroup section */

/* Begin XCBuildConfiguration section */
		032CD91B200805AC005A63CE /* Debug */ = {
			isa = XCBuildConfiguration;
			buildSettings = {
				ALWAYS_SEARCH_USER_PATHS = NO;
				CLANG_ANALYZER_NONNULL = YES;
				CLANG_ANALYZER_NUMBER_OBJECT_CONVERSION = YES_AGGRESSIVE;
				CLANG_CXX_LANGUAGE_STANDARD = "gnu++14";
				CLANG_CXX_LIBRARY = "libc++";
				CLANG_ENABLE_MODULES = YES;
				CLANG_ENABLE_OBJC_ARC = YES;
				CLANG_WARN_BLOCK_CAPTURE_AUTORELEASING = YES;
				CLANG_WARN_BOOL_CONVERSION = YES;
				CLANG_WARN_COMMA = YES;
				CLANG_WARN_CONSTANT_CONVERSION = YES;
				CLANG_WARN_DIRECT_OBJC_ISA_USAGE = YES_ERROR;
				CLANG_WARN_DOCUMENTATION_COMMENTS = YES;
				CLANG_WARN_EMPTY_BODY = YES;
				CLANG_WARN_ENUM_CONVERSION = YES;
				CLANG_WARN_INFINITE_RECURSION = YES;
				CLANG_WARN_INT_CONVERSION = YES;
				CLANG_WARN_NON_LITERAL_NULL_CONVERSION = YES;
				CLANG_WARN_OBJC_LITERAL_CONVERSION = YES;
				CLANG_WARN_OBJC_ROOT_CLASS = YES_ERROR;
				CLANG_WARN_RANGE_LOOP_ANALYSIS = YES;
				CLANG_WARN_STRICT_PROTOTYPES = YES;
				CLANG_WARN_SUSPICIOUS_MOVE = YES;
				CLANG_WARN_UNGUARDED_AVAILABILITY = YES_AGGRESSIVE;
				CLANG_WARN_UNREACHABLE_CODE = YES;
				CLANG_WARN__DUPLICATE_METHOD_MATCH = YES;
				CODE_SIGN_IDENTITY = "iPhone Developer";
				COPY_PHASE_STRIP = NO;
				DEBUG_INFORMATION_FORMAT = dwarf;
				ENABLE_STRICT_OBJC_MSGSEND = YES;
				ENABLE_TESTABILITY = YES;
				GCC_C_LANGUAGE_STANDARD = gnu11;
				GCC_DYNAMIC_NO_PIC = NO;
				GCC_NO_COMMON_BLOCKS = YES;
				GCC_OPTIMIZATION_LEVEL = 0;
				GCC_PREPROCESSOR_DEFINITIONS = (
					"DEBUG=1",
					"$(inherited)",
				);
				GCC_WARN_64_TO_32_BIT_CONVERSION = YES;
				GCC_WARN_ABOUT_RETURN_TYPE = YES_ERROR;
				GCC_WARN_UNDECLARED_SELECTOR = YES;
				GCC_WARN_UNINITIALIZED_AUTOS = YES_AGGRESSIVE;
				GCC_WARN_UNUSED_FUNCTION = YES;
				GCC_WARN_UNUSED_VARIABLE = YES;
				IPHONEOS_DEPLOYMENT_TARGET = 11.0;
				MTL_ENABLE_DEBUG_INFO = YES;
				ONLY_ACTIVE_ARCH = YES;
				SDKROOT = iphoneos;
				SWIFT_ACTIVE_COMPILATION_CONDITIONS = DEBUG;
				SWIFT_OPTIMIZATION_LEVEL = "-Onone";
			};
			name = Debug;
		};
		032CD91C200805AC005A63CE /* Release */ = {
			isa = XCBuildConfiguration;
			buildSettings = {
				ALWAYS_SEARCH_USER_PATHS = NO;
				CLANG_ANALYZER_NONNULL = YES;
				CLANG_ANALYZER_NUMBER_OBJECT_CONVERSION = YES_AGGRESSIVE;
				CLANG_CXX_LANGUAGE_STANDARD = "gnu++14";
				CLANG_CXX_LIBRARY = "libc++";
				CLANG_ENABLE_MODULES = YES;
				CLANG_ENABLE_OBJC_ARC = YES;
				CLANG_WARN_BLOCK_CAPTURE_AUTORELEASING = YES;
				CLANG_WARN_BOOL_CONVERSION = YES;
				CLANG_WARN_COMMA = YES;
				CLANG_WARN_CONSTANT_CONVERSION = YES;
				CLANG_WARN_DIRECT_OBJC_ISA_USAGE = YES_ERROR;
				CLANG_WARN_DOCUMENTATION_COMMENTS = YES;
				CLANG_WARN_EMPTY_BODY = YES;
				CLANG_WARN_ENUM_CONVERSION = YES;
				CLANG_WARN_INFINITE_RECURSION = YES;
				CLANG_WARN_INT_CONVERSION = YES;
				CLANG_WARN_NON_LITERAL_NULL_CONVERSION = YES;
				CLANG_WARN_OBJC_LITERAL_CONVERSION = YES;
				CLANG_WARN_OBJC_ROOT_CLASS = YES_ERROR;
				CLANG_WARN_RANGE_LOOP_ANALYSIS = YES;
				CLANG_WARN_STRICT_PROTOTYPES = YES;
				CLANG_WARN_SUSPICIOUS_MOVE = YES;
				CLANG_WARN_UNGUARDED_AVAILABILITY = YES_AGGRESSIVE;
				CLANG_WARN_UNREACHABLE_CODE = YES;
				CLANG_WARN__DUPLICATE_METHOD_MATCH = YES;
				CODE_SIGN_IDENTITY = "iPhone Developer";
				COPY_PHASE_STRIP = NO;
				DEBUG_INFORMATION_FORMAT = "dwarf-with-dsym";
				ENABLE_NS_ASSERTIONS = NO;
				ENABLE_STRICT_OBJC_MSGSEND = YES;
				GCC_C_LANGUAGE_STANDARD = gnu11;
				GCC_NO_COMMON_BLOCKS = YES;
				GCC_WARN_64_TO_32_BIT_CONVERSION = YES;
				GCC_WARN_ABOUT_RETURN_TYPE = YES_ERROR;
				GCC_WARN_UNDECLARED_SELECTOR = YES;
				GCC_WARN_UNINITIALIZED_AUTOS = YES_AGGRESSIVE;
				GCC_WARN_UNUSED_FUNCTION = YES;
				GCC_WARN_UNUSED_VARIABLE = YES;
				IPHONEOS_DEPLOYMENT_TARGET = 11.0;
				MTL_ENABLE_DEBUG_INFO = NO;
				SDKROOT = iphoneos;
				SWIFT_OPTIMIZATION_LEVEL = "-Owholemodule";
				VALIDATE_PRODUCT = YES;
			};
			name = Release;
		};
		032CD91E200805AC005A63CE /* Debug */ = {
			isa = XCBuildConfiguration;
			buildSettings = {
				ASSETCATALOG_COMPILER_APPICON_NAME = AppIcon;
				CODE_SIGN_STYLE = Automatic;
				INFOPLIST_FILE = programmaticallyTabBar/Info.plist;
				LD_RUNPATH_SEARCH_PATHS = "$(inherited) @executable_path/Frameworks";
				PRODUCT_BUNDLE_IDENTIFIER = com.marioacero.programmaticallyTabBar;
				PRODUCT_NAME = "$(TARGET_NAME)";
				SWIFT_VERSION = 4.0;
				TARGETED_DEVICE_FAMILY = "1,2";
			};
			name = Debug;
		};
		032CD91F200805AC005A63CE /* Release */ = {
			isa = XCBuildConfiguration;
			buildSettings = {
				ASSETCATALOG_COMPILER_APPICON_NAME = AppIcon;
				CODE_SIGN_STYLE = Automatic;
				INFOPLIST_FILE = programmaticallyTabBar/Info.plist;
				LD_RUNPATH_SEARCH_PATHS = "$(inherited) @executable_path/Frameworks";
				PRODUCT_BUNDLE_IDENTIFIER = com.marioacero.programmaticallyTabBar;
				PRODUCT_NAME = "$(TARGET_NAME)";
				SWIFT_VERSION = 4.0;
				TARGETED_DEVICE_FAMILY = "1,2";
			};
			name = Release;
		};
/* End XCBuildConfiguration section */

/* Begin XCConfigurationList section */
		032CD906200805AC005A63CE /* Build configuration list for PBXProject "programmaticallyTabBar" */ = {
			isa = XCConfigurationList;
			buildConfigurations = (
				032CD91B200805AC005A63CE /* Debug */,
				032CD91C200805AC005A63CE /* Release */,
			);
			defaultConfigurationIsVisible = 0;
			defaultConfigurationName = Release;
		};
		032CD91D200805AC005A63CE /* Build configuration list for PBXNativeTarget "programmaticallyTabBar" */ = {
			isa = XCConfigurationList;
			buildConfigurations = (
				032CD91E200805AC005A63CE /* Debug */,
				032CD91F200805AC005A63CE /* Release */,
			);
			defaultConfigurationIsVisible = 0;
			defaultConfigurationName = Release;
		};
/* End XCConfigurationList section */
	};
	rootObject = 032CD903200805AC005A63CE /* Project object */;
}
